
Microsoft Visual Studio Solution File, Format Version 12.00
# Visual Studio Version 16
VisualStudioVersion = 16.0.31129.286
MinimumVisualStudioVersion = 10.0.40219.1
Project("{FAE04EC0-301F-11D3-BF4B-00C04F79EFBC}") = "Forex Price Viewer.Wpf", "Forex Price Viewer.Wpf\Forex Price Viewer.Wpf.csproj", "{B6F4FF6A-5E42-4FF9-9E3B-6CB3616D19A4}"
EndProject
Project("{D954291E-2A0B-460D-934E-DC6B0785DB48}") = "Forex Price Viewer.Shared", "Forex Price Viewer.Shared\Forex Price Viewer.Shared.shproj", "{4BC5ABE5-E0C4-4560-ADA4-AC230695A4A1}"
EndProject
Global
	GlobalSection(SharedMSBuildProjectFiles) = preSolution
		Forex Price Viewer.Shared\Forex Price Viewer.Shared.projitems*{4bc5abe5-e0c4-4560-ada4-ac230695a4a1}*SharedItemsImports = 13
		Forex Price Viewer.Shared\Forex Price Viewer.Shared.projitems*{b6f4ff6a-5e42-4ff9-9e3b-6cb3616d19a4}*SharedItemsImports = 5
	EndGlobalSection
	GlobalSection(SolutionConfigurationPlatforms) = preSolution
		Debug|Any CPU = Debug|Any CPU
		Release|Any CPU = Release|Any CPU
	EndGlobalSection
	GlobalSection(ProjectConfigurationPlatforms) = postSolution
		{B6F4FF6A-5E42-4FF9-9E3B-6CB3616D19A4}.Debug|Any CPU.ActiveCfg = Debug|Any CPU
		{B6F4FF6A-5E42-4FF9-9E3B-6CB3616D19A4}.Debug|Any CPU.Build.0 = Debug|Any CPU
		{B6F4FF6A-5E42-4FF9-9E3B-6CB3616D19A4}.Release|Any CPU.ActiveCfg = Release|Any CPU
		{B6F4FF6A-5E42-4FF9-9E3B-6CB3616D19A4}.Release|Any CPU.Build.0 = Release|Any CPU
	EndGlobalSection
	GlobalSection(SolutionProperties) = preSolution
		HideSolutionNode = FALSE
	EndGlobalSection
	GlobalSection(ExtensibilityGlobals) = postSolution
		SolutionGuid = {9AF6C553-53A5-4E1D-9271-881A47A41EDC}
	EndGlobalSection
EndGlobal
